
Microsoft Visual Studio Solution File, Format Version 12.00
# Visual Studio Version 17
VisualStudioVersion = 17.5.002.0
MinimumVisualStudioVersion = 10.0.40219.1
Project("{9A19103F-16F7-4668-BE54-9A1E7A4F7556}") = "StudentRecordUsingDapper", "StudentRecordUsingDapper.csproj", "{CC5F7AE9-8A02-4468-8F32-84672B3F2619}"
EndProject
Global
	GlobalSection(SolutionConfigurationPlatforms) = preSolution
		Debug|Any CPU = Debug|Any CPU
		Release|Any CPU = Release|Any CPU
	EndGlobalSection
	GlobalSection(ProjectConfigurationPlatforms) = postSolution
		{CC5F7AE9-8A02-4468-8F32-84672B3F2619}.Debug|Any CPU.ActiveCfg = Debug|Any CPU
		{CC5F7AE9-8A02-4468-8F32-84672B3F2619}.Debug|Any CPU.Build.0 = Debug|Any CPU
		{CC5F7AE9-8A02-4468-8F32-84672B3F2619}.Release|Any CPU.ActiveCfg = Release|Any CPU
		{CC5F7AE9-8A02-4468-8F32-84672B3F2619}.Release|Any CPU.Build.0 = Release|Any CPU
	EndGlobalSection
	GlobalSection(SolutionProperties) = preSolution
		HideSolutionNode = FALSE
	EndGlobalSection
	GlobalSection(ExtensibilityGlobals) = postSolution
		SolutionGuid = {4148AA5C-E2A6-4F0D-B700-F6F5DCE7F05E}
	EndGlobalSection
EndGlobal
